
Microsoft Visual Studio Solution File, Format Version 10.00
# Visual Studio 2008
Project("{FAE04EC0-301F-11D3-BF4B-00C04F79EFBC}") = "CustomControls", "CustomControls\CustomControls.csproj", "{152ABC9B-3425-495E-9B95-D9CE88044C8D}"
EndProject
Project("{FAE04EC0-301F-11D3-BF4B-00C04F79EFBC}") = "UpDownControl", "UpDownControl\UpDownControl.csproj", "{3DA0EC77-F002-4D7D-B506-C4D0A4012F49}"
EndProject
Project("{FAE04EC0-301F-11D3-BF4B-00C04F79EFBC}") = "RatingControl", "RatingControl\RatingControl.csproj", "{A97658E6-9DEA-41E3-84F7-D0991D9F807A}"
EndProject
Global
	GlobalSection(SolutionConfigurationPlatforms) = preSolution
		Debug|Any CPU = Debug|Any CPU
		Release|Any CPU = Release|Any CPU
	EndGlobalSection
	GlobalSection(ProjectConfigurationPlatforms) = postSolution
		{152ABC9B-3425-495E-9B95-D9CE88044C8D}.Debug|Any CPU.ActiveCfg = Debug|Any CPU
		{152ABC9B-3425-495E-9B95-D9CE88044C8D}.Debug|Any CPU.Build.0 = Debug|Any CPU
		{152ABC9B-3425-495E-9B95-D9CE88044C8D}.Release|Any CPU.ActiveCfg = Release|Any CPU
		{152ABC9B-3425-495E-9B95-D9CE88044C8D}.Release|Any CPU.Build.0 = Release|Any CPU
		{3DA0EC77-F002-4D7D-B506-C4D0A4012F49}.Debug|Any CPU.ActiveCfg = Debug|Any CPU
		{3DA0EC77-F002-4D7D-B506-C4D0A4012F49}.Debug|Any CPU.Build.0 = Debug|Any CPU
		{3DA0EC77-F002-4D7D-B506-C4D0A4012F49}.Release|Any CPU.ActiveCfg = Release|Any CPU
		{3DA0EC77-F002-4D7D-B506-C4D0A4012F49}.Release|Any CPU.Build.0 = Release|Any CPU
		{A97658E6-9DEA-41E3-84F7-D0991D9F807A}.Debug|Any CPU.ActiveCfg = Debug|Any CPU
		{A97658E6-9DEA-41E3-84F7-D0991D9F807A}.Debug|Any CPU.Build.0 = Debug|Any CPU
		{A97658E6-9DEA-41E3-84F7-D0991D9F807A}.Release|Any CPU.ActiveCfg = Release|Any CPU
		{A97658E6-9DEA-41E3-84F7-D0991D9F807A}.Release|Any CPU.Build.0 = Release|Any CPU
	EndGlobalSection
	GlobalSection(SolutionProperties) = preSolution
		HideSolutionNode = FALSE
	EndGlobalSection
EndGlobal
