
Microsoft Visual Studio Solution File, Format Version 12.00
# Visual Studio 14
VisualStudioVersion = 14.0.23107.0
MinimumVisualStudioVersion = 10.0.40219.1
Project("{FAE04EC0-301F-11D3-BF4B-00C04F79EFBC}") = "MVVMDemo", "MVVMDemo\MVVMDemo.csproj", "{2E9D4253-C259-4B4E-9888-5D55EDF6303F}"
EndProject
Project("{FAE04EC0-301F-11D3-BF4B-00C04F79EFBC}") = "Models", "Models\Models.csproj", "{4DCCBF4B-DE8F-4D7D-8109-1D2A8816B1B9}"
EndProject
Project("{FAE04EC0-301F-11D3-BF4B-00C04F79EFBC}") = "ViewModels", "ViewModels\ViewModels.csproj", "{7806CED1-3140-41DF-A615-3D0EAF275849}"
EndProject
Project("{FAE04EC0-301F-11D3-BF4B-00C04F79EFBC}") = "DataProviders", "DataProviders\DataProviders.csproj", "{A2501984-D9D7-44C9-A232-E548D735C78B}"
EndProject
Global
	GlobalSection(SolutionConfigurationPlatforms) = preSolution
		Debug|Any CPU = Debug|Any CPU
		Release|Any CPU = Release|Any CPU
	EndGlobalSection
	GlobalSection(ProjectConfigurationPlatforms) = postSolution
		{2E9D4253-C259-4B4E-9888-5D55EDF6303F}.Debug|Any CPU.ActiveCfg = Debug|Any CPU
		{2E9D4253-C259-4B4E-9888-5D55EDF6303F}.Debug|Any CPU.Build.0 = Debug|Any CPU
		{2E9D4253-C259-4B4E-9888-5D55EDF6303F}.Release|Any CPU.ActiveCfg = Release|Any CPU
		{2E9D4253-C259-4B4E-9888-5D55EDF6303F}.Release|Any CPU.Build.0 = Release|Any CPU
		{4DCCBF4B-DE8F-4D7D-8109-1D2A8816B1B9}.Debug|Any CPU.ActiveCfg = Debug|Any CPU
		{4DCCBF4B-DE8F-4D7D-8109-1D2A8816B1B9}.Debug|Any CPU.Build.0 = Debug|Any CPU
		{4DCCBF4B-DE8F-4D7D-8109-1D2A8816B1B9}.Release|Any CPU.ActiveCfg = Release|Any CPU
		{4DCCBF4B-DE8F-4D7D-8109-1D2A8816B1B9}.Release|Any CPU.Build.0 = Release|Any CPU
		{7806CED1-3140-41DF-A615-3D0EAF275849}.Debug|Any CPU.ActiveCfg = Debug|Any CPU
		{7806CED1-3140-41DF-A615-3D0EAF275849}.Debug|Any CPU.Build.0 = Debug|Any CPU
		{7806CED1-3140-41DF-A615-3D0EAF275849}.Release|Any CPU.ActiveCfg = Release|Any CPU
		{7806CED1-3140-41DF-A615-3D0EAF275849}.Release|Any CPU.Build.0 = Release|Any CPU
		{A2501984-D9D7-44C9-A232-E548D735C78B}.Debug|Any CPU.ActiveCfg = Debug|Any CPU
		{A2501984-D9D7-44C9-A232-E548D735C78B}.Debug|Any CPU.Build.0 = Debug|Any CPU
		{A2501984-D9D7-44C9-A232-E548D735C78B}.Release|Any CPU.ActiveCfg = Release|Any CPU
		{A2501984-D9D7-44C9-A232-E548D735C78B}.Release|Any CPU.Build.0 = Release|Any CPU
	EndGlobalSection
	GlobalSection(SolutionProperties) = preSolution
		HideSolutionNode = FALSE
	EndGlobalSection
EndGlobal
